
Microsoft Visual Studio Solution File, Format Version 12.00
# Visual Studio Version 17
VisualStudioVersion = 17.9.34701.34
MinimumVisualStudioVersion = 10.0.40219.1
Project("{8BC9CEB8-8B4A-11D0-8D11-00A0C91BC942}") = "Laba 7", "Laba 7.vcxproj", "{5A8F3CA2-07BB-4988-AFBF-C05E4C137FAA}"
EndProject
Global
	GlobalSection(SolutionConfigurationPlatforms) = preSolution
		Debug|x64 = Debug|x64
		Debug|x86 = Debug|x86
		Release|x64 = Release|x64
		Release|x86 = Release|x86
	EndGlobalSection
	GlobalSection(ProjectConfigurationPlatforms) = postSolution
		{5A8F3CA2-07BB-4988-AFBF-C05E4C137FAA}.Debug|x64.ActiveCfg = Debug|x64
		{5A8F3CA2-07BB-4988-AFBF-C05E4C137FAA}.Debug|x64.Build.0 = Debug|x64
		{5A8F3CA2-07BB-4988-AFBF-C05E4C137FAA}.Debug|x86.ActiveCfg = Debug|Win32
		{5A8F3CA2-07BB-4988-AFBF-C05E4C137FAA}.Debug|x86.Build.0 = Debug|Win32
		{5A8F3CA2-07BB-4988-AFBF-C05E4C137FAA}.Release|x64.ActiveCfg = Release|x64
		{5A8F3CA2-07BB-4988-AFBF-C05E4C137FAA}.Release|x64.Build.0 = Release|x64
		{5A8F3CA2-07BB-4988-AFBF-C05E4C137FAA}.Release|x86.ActiveCfg = Release|Win32
		{5A8F3CA2-07BB-4988-AFBF-C05E4C137FAA}.Release|x86.Build.0 = Release|Win32
	EndGlobalSection
	GlobalSection(SolutionProperties) = preSolution
		HideSolutionNode = FALSE
	EndGlobalSection
	GlobalSection(ExtensibilityGlobals) = postSolution
		SolutionGuid = {F7F735C2-0E21-4522-B884-E507E3DA2733}
	EndGlobalSection
EndGlobal
